
Microsoft Visual Studio Solution File, Format Version 12.00
# Visual Studio Version 16
VisualStudioVersion = 16.0.31515.178
MinimumVisualStudioVersion = 10.0.40219.1
Project("{00D1A9C2-B5F0-4AF3-8072-F6C62B433612}") = "ESUNTestDBProject", "ESUNTestDBProject\ESUNTestDBProject.sqlproj", "{9B78B181-D3B5-43F9-BF75-D78F432A86BF}"
EndProject
Global
	GlobalSection(SolutionConfigurationPlatforms) = preSolution
		Debug|Any CPU = Debug|Any CPU
		Release|Any CPU = Release|Any CPU
	EndGlobalSection
	GlobalSection(ProjectConfigurationPlatforms) = postSolution
		{9B78B181-D3B5-43F9-BF75-D78F432A86BF}.Debug|Any CPU.ActiveCfg = Debug|Any CPU
		{9B78B181-D3B5-43F9-BF75-D78F432A86BF}.Debug|Any CPU.Build.0 = Debug|Any CPU
		{9B78B181-D3B5-43F9-BF75-D78F432A86BF}.Debug|Any CPU.Deploy.0 = Debug|Any CPU
		{9B78B181-D3B5-43F9-BF75-D78F432A86BF}.Release|Any CPU.ActiveCfg = Release|Any CPU
		{9B78B181-D3B5-43F9-BF75-D78F432A86BF}.Release|Any CPU.Build.0 = Release|Any CPU
		{9B78B181-D3B5-43F9-BF75-D78F432A86BF}.Release|Any CPU.Deploy.0 = Release|Any CPU
	EndGlobalSection
	GlobalSection(SolutionProperties) = preSolution
		HideSolutionNode = FALSE
	EndGlobalSection
	GlobalSection(ExtensibilityGlobals) = postSolution
		SolutionGuid = {628466EA-2654-4927-8650-8CA0659E47DD}
	EndGlobalSection
EndGlobal
